# This file is automatically @generated by eka.
# It is not intended for manual editing.
version = 1

[locker]
label = "nix-lock"
version = "0.1.0"
set = "4abbd2644bc3585e9be95deb277ccf48f6ed26ac"
rev = "d4f261e4f8dd43e2285a85b2bef03c0add219657"
mirror = "https://github.com/ekala-project/eka"
id = "r3rlam6bd31t9i04ggug7avs8vf8981q7a3b6gobemk1gfs50qm0"

[compose]
use = "atom"
label = "atom-nix"
version = "0.4.2"
set = "68b63bd131acd23bdfd57983fe85ba7c092ce02f"
rev = "e81dd5a757e109cf81dc7e40de6a8fb5e49780e1"
mirror = "https://github.com/ekala-project/atom"
id = "r9ilp2p4bpkup8bejuqrg042m6ohc0rtcn2fks94otlrhnquhnv0"
entry = "env"

[sets.68b63bd131acd23bdfd57983fe85ba7c092ce02f]
tag = "atom"
mirrors = ["https://github.com/ekala-project/atom"]

[[deps]]
type = "nix+git"
name = "fenix"
url = "https://github.com/nix-community/fenix.git"
rev = "a11e8c4055f55df13ea6e29997ecdaf170f910a9"

[[deps]]
type = "nix+git"
name = "nixpkgs"
url = "https://github.com/nixos/nixpkgs"
rev = "ffcdcf99d65c61956d882df249a9be53e5902ea5"
