version = 1

[locker]
label = "nix-lock"
version = "0.1.4"
set = "4abbd2644bc3585e9be95deb277ccf48f6ed26ac"
rev = "5656fcf8d0d96ff9c10c2256e61e9798508080f6"
mirror = "https://github.com/ekala-project/eka"
id = "r3rlam6bd31t9i04ggug7avs8vf8981q7a3b6gobemk1gfs50qm0"

[compose]
use = "nix"
entry = "."

[sets]
b7d610651b8dd7975eb0265fbf93ee70bc39c291 = {tag = "foo", mirrors = ["ssh://git@github.com/nrdxp/home.git"]}
f36300e6cd435c5b56751f2792e67f32cf1b666e = {tag = "bar", mirrors = ["https://git.example.com/my-repo.git"]}
47478f45ed0de99d42495a0842b1fa41eac1ce14 = {tag = "baz", mirrors = ["::"]}

[[deps]]
type = "atom"
label = "hosts"
version = "0.1.1"
set = "b7d610651b8dd7975eb0265fbf93ee70bc39c291"
mirror = "ssh://git@github.com/nrdxp/home.git"
rev = "e38c54245b638eae16bdca1a65dcdc453fe33624"
id = "nei65m8kevs1l37b2eefu440k725fsj6pqj3mq3ob20sfhb64ud0"

[[deps]]
type = "nix+tar"
name = "nixos-unstable"
url = "https://github.com/nixos/nixpkgs/archive/nixos-unstable.tar.gz"
hash = "sha256-gTrEEp5gEspIcCOx9PD8kMaF1iEmfBcTbO0Jag2QhQs="

[[deps]]
type = "nix+git"
name = "nixpkgs"
url = "ssh://git@github.com/nixos/nixpkgs"
rev = "aa0ebc256a5b0540e9df53c64ef6930471c98407"

[[deps]]
type = "atom"
label = "home"
id = "nei65m8kevs1l37b2eefu440k725fsj6pqj3mq3ob20sfhb64ud0"
version = "0.1.8"
rev = "795ae541b7fd67dd3c6e1a9dddf903312696aa17"
mirror = "https://git.example.com/my-repo.git"
set = "f36300e6cd435c5b56751f2792e67f32cf1b666e"

[[deps]]
type = "atom"
id = "nei65m8kevs1l37b2eefu440k725fsj6pqj3mq3ob20sfhb64ud0"
label = "users"
version = "0.1.4-local"
set = "47478f45ed0de99d42495a0842b1fa41eac1ce14"

[[deps]]
name = "hm-module"
url = "https://github.com/nix-community/home-manager.git"
rev = "d0300c8808e41da81d6edfc202f3d3833c157daf"
type = "nix+git"

[[deps]]
type = "nix"
name = "foks"
url = "https://raw.githubusercontent.com/NixOS/nixpkgs/393d5e815a19acad8a28fc4b27085e42c483b4f6/pkgs/by-name/fo/foks/package.nix"
hash = "sha256:1spc2lsx16xy612lg8rsyd34j9fy6kmspxcvcfmawkxmyvi32g9v"

[[deps]]
type = "nix+tar"
name = "microvm-module"
url = "https://github.com/microvm-nix/microvm.nix/archive/80bddbd51fda2c71d83449f5927e4d72a2eb0d89.tar.gz"
hash = "sha256:0lkjn8q6p0c18acj43pj1cbiyixnf98wvkbgppr5vz73qkypii2g"

[[deps]]
name = "registry"
url = "https://raw.githubusercontent.com/NixOS/flake-registry/refs/heads/master/flake-registry.json"
type = "nix+src"
hash = "sha256-hClMprWwiEQe7mUUToXZAR5wbhoVFi+UuqLL2K/eIPw="
