# This file is automatically @generated by eka.
# It is not intended for manual editing.
version = 1

[compose]
use = "atom"
label = "atom-nix"
version = "0.4.2"
set = "68b63bd131acd23bdfd57983fe85ba7c092ce02f"
rev = "e81dd5a757e109cf81dc7e40de6a8fb5e49780e1"
mirror = "https://github.com/ekala-project/atom"
id = "r9ilp2p4bpkup8bejuqrg042m6ohc0rtcn2fks94otlrhnquhnv0"
entry = "src"

[sets.68b63bd131acd23bdfd57983fe85ba7c092ce02f]
tag = "atom"
mirrors = ["https://github.com/ekala-project/atom"]

[sets.f9a488b7db85be544ff5c5aaaaf7af0eaee72ad5]
tag = "home"
mirrors = ["ssh://git@github.com/nrdxp/home"]

[[deps]]
type = "atom"
label = "hosts"
version = "0.1.1"
set = "f9a488b7db85be544ff5c5aaaaf7af0eaee72ad5"
rev = "e38c54245b638eae16bdca1a65dcdc453fe33624"
mirror = "ssh://git@github.com/nrdxp/home"
id = "nei65m8kevs1l37b2eefu440k725fsj6pqj3mq3ob20sfhb64ud0"

[[deps]]
type = "nix+git"
name = "nixpkgs"
url = "https://github.com/nixos/nixpkgs"
rev = "a7fc11be66bdfb5cdde611ee5ce381c183da8386"

[[deps]]
type = "nix+tar"
name = "nixpkgs-unstable"
url = "https://github.com/nixos/nixpkgs/archive/nixpkgs-unstable.tar.gz"
hash = "sha256-QoJjGd4NstnyOG4mm4KXF+weBzA2AH/7gn1Pmpfcb0A="

[[deps]]
type = "nix"
name = "patch"
url = "https://patch-diff.githubusercontent.com/raw/cachix/snix/pull/1.patch"
hash = "sha256-swaLG0A3kXS0n7G7q9OfCj3FP5RUuCnCDSJT0BonxV8="

[[deps]]
type = "nix+src"
name = "zlib-1"
url = "https://www.zlib.net/zlib-1.3.1.tar.gz"
hash = "sha256-acY8yFzIRYbrZ2CGODoxLnZuppsP6KZy19I9Yy77pfc="
